{
  "name": "@forchange/postmark",
  "version": "0.0.1",
  "lockfileVersion": 2,
  "requires": true,
  "packages": {
    "": {
      "name": "@forchange/postmark",
      "version": "0.0.1",
      "license": "GPL-3.0-or-later",
      "dependencies": {
        "@xieyuheng/test-runner": "^0.1.23",
        "@xieyuheng/ty": "^0.1.5",
        "chalk": "^4.1.2",
        "change-case": "^4.1.2",
        "commonmark": "^0.30.0",
        "deep-diff": "^1.0.2",
        "fast-deep-equal": "^3.1.3",
        "marked": "^3.0.4",
        "nanoid": "^3.1.25"
      },
      "devDependencies": {
        "@types/assert": "^1.5.6",
        "@types/commonmark": "^0.27.5",
        "@types/deep-diff": "^1.0.1",
        "@types/marked": "^3.0.1",
        "@types/node": "^16.9.6",
        "prettier": "^2.4.1",
        "typescript": "^4.4.3"
      }
    },
    "node_modules/@nodelib/fs.scandir": {
      "version": "2.1.5",
      "resolved": "https://nexus.forchange.cn/repository/npm-group/@nodelib/fs.scandir/-/fs.scandir-2.1.5.tgz",
      "integrity": "sha1-dhnC6yGyVIP20WdUi0z9WnSIw9U=",
      "license": "MIT",
      "dependencies": {
        "@nodelib/fs.stat": "2.0.5",
        "run-parallel": "^1.1.9"
      },
      "engines": {
        "node": ">= 8"
      }
    },
    "node_modules/@nodelib/fs.stat": {
      "version": "2.0.5",
      "resolved": "https://nexus.forchange.cn/repository/npm-group/@nodelib/fs.stat/-/fs.stat-2.0.5.tgz",
      "integrity": "sha1-W9Jir5Tp0lvR5xsF3u1Eh2oiLos=",
      "license": "MIT",
      "engines": {
        "node": ">= 8"
      }
    },
    "node_modules/@nodelib/fs.walk": {
      "version": "1.2.8",
      "resolved": "https://nexus.forchange.cn/repository/npm-group/@nodelib/fs.walk/-/fs.walk-1.2.8.tgz",
      "integrity": "sha1-6Vc36LtnRt3t9pxVaVNJTxlv5po=",
      "license": "MIT",
      "dependencies": {
        "@nodelib/fs.scandir": "2.1.5",
        "fastq": "^1.6.0"
      },
      "engines": {
        "node": ">= 8"
      }
    },
    "node_modules/@types/assert": {
      "version": "1.5.6",
      "resolved": "https://nexus.forchange.cn/repository/npm-group/@types/assert/-/assert-1.5.6.tgz",
      "integrity": "sha1-qLWpTOX7j0umX9w3/JUHYJEUGJ4=",
      "dev": true,
      "license": "MIT"
    },
    "node_modules/@types/commonmark": {
      "version": "0.27.5",
      "resolved": "https://nexus.forchange.cn/repository/npm-group/@types/commonmark/-/commonmark-0.27.5.tgz",
      "integrity": "sha1-AI8uj7hFyQYUaql1ENZpU9kWrtI=",
      "dev": true,
      "license": "MIT"
    },
    "node_modules/@types/deep-diff": {
      "version": "1.0.1",
      "resolved": "https://nexus.forchange.cn/repository/npm-group/@types/deep-diff/-/deep-diff-1.0.1.tgz",
      "integrity": "sha1-6uFRGcaLcrVBcxhyoog9qJ3Dk5Y=",
      "dev": true,
      "license": "MIT"
    },
    "node_modules/@types/marked": {
      "version": "3.0.1",
      "resolved": "https://nexus.forchange.cn/repository/npm-group/@types/marked/-/marked-3.0.1.tgz",
      "integrity": "sha1-dIZF7N4w2M94YcPhw2DG9pQXL5I=",
      "dev": true,
      "license": "MIT"
    },
    "node_modules/@types/node": {
      "version": "16.9.6",
      "resolved": "https://nexus.forchange.cn/repository/npm-group/@types/node/-/node-16.9.6.tgz",
      "integrity": "sha1-BApk1/r55dnpQDVxJfCWMBLmbwQ=",
      "dev": true,
      "license": "MIT"
    },
    "node_modules/@xieyuheng/test-runner": {
      "version": "0.1.23",
      "resolved": "https://registry.npmjs.org/@xieyuheng/test-runner/-/test-runner-0.1.23.tgz",
      "integrity": "sha512-p+woste8Tc193j/zAV0yfSKwLAUXysiCWzcV7OCIE3jvYKcldPXZ+OeFXmvg5EFZLBCfQonsIPKJE/UN5zvVPA==",
      "dependencies": {
        "chalk": "^4.1.1",
        "fast-glob": "^3.2.6"
      }
    },
    "node_modules/@xieyuheng/ty": {
      "version": "0.1.5",
      "resolved": "https://registry.npmjs.org/@xieyuheng/ty/-/ty-0.1.5.tgz",
      "integrity": "sha512-wlQ20kDFIfZxNWnsLgktjezuCWKO42TzSvK0aBMN86NGLTTdkxqm8anb6SudPkTa/hvyoycA9MTcEaw2YT/vYA==",
      "dependencies": {
        "@xieyuheng/test-runner": "^0.1.23",
        "ajv": "^8.6.3",
        "ajv-formats": "^2.1.1",
        "ajv-formats-draft2019": "^1.6.1",
        "chalk": "^4.1.2",
        "change-case": "^4.1.2",
        "deep-diff": "^1.0.2",
        "fast-deep-equal": "^3.1.3",
        "nanoid": "^3.1.25",
        "semver": "^7.3.5"
      }
    },
    "node_modules/ajv": {
      "version": "8.6.3",
      "resolved": "https://nexus.forchange.cn/repository/npm-group/ajv/-/ajv-8.6.3.tgz",
      "integrity": "sha1-EaZlJ3Ydw+mjhF6nddLTwEFOh2Q=",
      "license": "MIT",
      "dependencies": {
        "fast-deep-equal": "^3.1.1",
        "json-schema-traverse": "^1.0.0",
        "require-from-string": "^2.0.2",
        "uri-js": "^4.2.2"
      },
      "funding": {
        "type": "github",
        "url": "https://github.com/sponsors/epoberezkin"
      }
    },
    "node_modules/ajv-formats": {
      "version": "2.1.1",
      "resolved": "https://nexus.forchange.cn/repository/npm-group/ajv-formats/-/ajv-formats-2.1.1.tgz",
      "integrity": "sha1-bmaUAGWet0lzu/LjMycYCgmWtSA=",
      "license": "MIT",
      "dependencies": {
        "ajv": "^8.0.0"
      },
      "peerDependencies": {
        "ajv": "^8.0.0"
      },
      "peerDependenciesMeta": {
        "ajv": {
          "optional": true
        }
      }
    },
    "node_modules/ajv-formats-draft2019": {
      "version": "1.6.1",
      "resolved": "https://nexus.forchange.cn/repository/npm-group/ajv-formats-draft2019/-/ajv-formats-draft2019-1.6.1.tgz",
      "integrity": "sha1-av/iIg54KDYHk3dvGXbeBCCszPs=",
      "license": "MIT",
      "dependencies": {
        "punycode": "^2.1.1",
        "schemes": "^1.4.0",
        "smtp-address-parser": "^1.0.3",
        "uri-js": "^4.4.1"
      },
      "peerDependencies": {
        "ajv": "*"
      }
    },
    "node_modules/ansi-styles": {
      "version": "4.3.0",
      "resolved": "https://nexus.forchange.cn/repository/npm-group/ansi-styles/-/ansi-styles-4.3.0.tgz",
      "integrity": "sha1-7dgDYornHATIWuegkG7a00tkiTc=",
      "license": "MIT",
      "dependencies": {
        "color-convert": "^2.0.1"
      },
      "engines": {
        "node": ">=8"
      },
      "funding": {
        "url": "https://github.com/chalk/ansi-styles?sponsor=1"
      }
    },
    "node_modules/braces": {
      "version": "3.0.2",
      "resolved": "https://nexus.forchange.cn/repository/npm-group/braces/-/braces-3.0.2.tgz",
      "integrity": "sha1-NFThpGLujVmeI23zNs2epPiv4Qc=",
      "license": "MIT",
      "dependencies": {
        "fill-range": "^7.0.1"
      },
      "engines": {
        "node": ">=8"
      }
    },
    "node_modules/camel-case": {
      "version": "4.1.2",
      "resolved": "https://nexus.forchange.cn/repository/npm-group/camel-case/-/camel-case-4.1.2.tgz",
      "integrity": "sha1-lygHKpVPgFIoIlpt7qazhGHhvVo=",
      "license": "MIT",
      "dependencies": {
        "pascal-case": "^3.1.2",
        "tslib": "^2.0.3"
      }
    },
    "node_modules/capital-case": {
      "version": "1.0.4",
      "resolved": "https://nexus.forchange.cn/repository/npm-group/capital-case/-/capital-case-1.0.4.tgz",
      "integrity": "sha1-nRMCkjU8kkn2sA+lhSvuOKcX5mk=",
      "license": "MIT",
      "dependencies": {
        "no-case": "^3.0.4",
        "tslib": "^2.0.3",
        "upper-case-first": "^2.0.2"
      }
    },
    "node_modules/chalk": {
      "version": "4.1.2",
      "resolved": "https://nexus.forchange.cn/repository/npm-group/chalk/-/chalk-4.1.2.tgz",
      "integrity": "sha1-qsTit3NKdAhnrrFr8CqtVWoeegE=",
      "license": "MIT",
      "dependencies": {
        "ansi-styles": "^4.1.0",
        "supports-color": "^7.1.0"
      },
      "engines": {
        "node": ">=10"
      },
      "funding": {
        "url": "https://github.com/chalk/chalk?sponsor=1"
      }
    },
    "node_modules/change-case": {
      "version": "4.1.2",
      "resolved": "https://nexus.forchange.cn/repository/npm-group/change-case/-/change-case-4.1.2.tgz",
      "integrity": "sha1-/t/F8TYEXiOYwEEO5EH5VwRkHhI=",
      "license": "MIT",
      "dependencies": {
        "camel-case": "^4.1.2",
        "capital-case": "^1.0.4",
        "constant-case": "^3.0.4",
        "dot-case": "^3.0.4",
        "header-case": "^2.0.4",
        "no-case": "^3.0.4",
        "param-case": "^3.0.4",
        "pascal-case": "^3.1.2",
        "path-case": "^3.0.4",
        "sentence-case": "^3.0.4",
        "snake-case": "^3.0.4",
        "tslib": "^2.0.3"
      }
    },
    "node_modules/color-convert": {
      "version": "2.0.1",
      "resolved": "https://nexus.forchange.cn/repository/npm-group/color-convert/-/color-convert-2.0.1.tgz",
      "integrity": "sha1-ctOmjVmMm9s68q0ehPIdiWq9TeM=",
      "license": "MIT",
      "dependencies": {
        "color-name": "~1.1.4"
      },
      "engines": {
        "node": ">=7.0.0"
      }
    },
    "node_modules/color-name": {
      "version": "1.1.4",
      "resolved": "https://nexus.forchange.cn/repository/npm-group/color-name/-/color-name-1.1.4.tgz",
      "integrity": "sha1-wqCah6y95pVD3m9j+jmVyCbFNqI=",
      "license": "MIT"
    },
    "node_modules/commander": {
      "version": "2.20.3",
      "resolved": "https://nexus.forchange.cn/repository/npm-group/commander/-/commander-2.20.3.tgz",
      "integrity": "sha1-/UhehMA+tIgcIHIrpIA16FMa6zM=",
      "license": "MIT"
    },
    "node_modules/commonmark": {
      "version": "0.30.0",
      "resolved": "https://nexus.forchange.cn/repository/npm-group/commonmark/-/commonmark-0.30.0.tgz",
      "integrity": "sha1-OIEdx7vw9Z0neuCQVNTXOjMvLkU=",
      "license": "BSD-2-Clause",
      "dependencies": {
        "entities": "~2.0",
        "mdurl": "~1.0.1",
        "minimist": ">=1.2.2",
        "string.prototype.repeat": "^0.2.0"
      },
      "bin": {
        "commonmark": "bin/commonmark"
      },
      "engines": {
        "node": "*"
      }
    },
    "node_modules/constant-case": {
      "version": "3.0.4",
      "resolved": "https://nexus.forchange.cn/repository/npm-group/constant-case/-/constant-case-3.0.4.tgz",
      "integrity": "sha1-O4Sprq9M8x7EXmv13pG9+wWJ+vE=",
      "license": "MIT",
      "dependencies": {
        "no-case": "^3.0.4",
        "tslib": "^2.0.3",
        "upper-case": "^2.0.2"
      }
    },
    "node_modules/deep-diff": {
      "version": "1.0.2",
      "resolved": "https://nexus.forchange.cn/repository/npm-group/deep-diff/-/deep-diff-1.0.2.tgz",
      "integrity": "sha1-r9PR90kRW+ll6Jxj7cersVBrnCY=",
      "license": "MIT"
    },
    "node_modules/discontinuous-range": {
      "version": "1.0.0",
      "resolved": "https://nexus.forchange.cn/repository/npm-group/discontinuous-range/-/discontinuous-range-1.0.0.tgz",
      "integrity": "sha1-44Mx8IRLukm5qctxx3FYWqsbxlo=",
      "license": "MIT"
    },
    "node_modules/dot-case": {
      "version": "3.0.4",
      "resolved": "https://nexus.forchange.cn/repository/npm-group/dot-case/-/dot-case-3.0.4.tgz",
      "integrity": "sha1-mytnDQCkMWZ6inW6Kc0bmICc51E=",
      "license": "MIT",
      "dependencies": {
        "no-case": "^3.0.4",
        "tslib": "^2.0.3"
      }
    },
    "node_modules/entities": {
      "version": "2.0.3",
      "resolved": "https://nexus.forchange.cn/repository/npm-group/entities/-/entities-2.0.3.tgz",
      "integrity": "sha1-XEh+V0Krk8Fau12iJ1m4WQ7AO38=",
      "license": "BSD-2-Clause"
    },
    "node_modules/extend": {
      "version": "3.0.2",
      "resolved": "https://nexus.forchange.cn/repository/npm-group/extend/-/extend-3.0.2.tgz",
      "integrity": "sha1-+LETa0Bx+9jrFAr/hYsQGewpFfo=",
      "license": "MIT"
    },
    "node_modules/fast-deep-equal": {
      "version": "3.1.3",
      "resolved": "https://nexus.forchange.cn/repository/npm-group/fast-deep-equal/-/fast-deep-equal-3.1.3.tgz",
      "integrity": "sha1-On1WtVnWy8PrUSMlJE5hmmXGxSU=",
      "license": "MIT"
    },
    "node_modules/fast-glob": {
      "version": "3.2.7",
      "resolved": "https://nexus.forchange.cn/repository/npm-group/fast-glob/-/fast-glob-3.2.7.tgz",
      "integrity": "sha1-/Wy3otfpqnp4RhEehaGW1rL3ZqE=",
      "license": "MIT",
      "dependencies": {
        "@nodelib/fs.stat": "^2.0.2",
        "@nodelib/fs.walk": "^1.2.3",
        "glob-parent": "^5.1.2",
        "merge2": "^1.3.0",
        "micromatch": "^4.0.4"
      },
      "engines": {
        "node": ">=8"
      }
    },
    "node_modules/fastq": {
      "version": "1.12.0",
      "resolved": "https://nexus.forchange.cn/repository/npm-group/fastq/-/fastq-1.12.0.tgz",
      "integrity": "sha1-7XtqtdYjk/ssxZHIU2UqXDGL95Q=",
      "license": "ISC",
      "dependencies": {
        "reusify": "^1.0.4"
      }
    },
    "node_modules/fill-range": {
      "version": "7.0.1",
      "resolved": "https://nexus.forchange.cn/repository/npm-group/fill-range/-/fill-range-7.0.1.tgz",
      "integrity": "sha1-GRmmp8df44ssfHflGYU12prN2kA=",
      "license": "MIT",
      "dependencies": {
        "to-regex-range": "^5.0.1"
      },
      "engines": {
        "node": ">=8"
      }
    },
    "node_modules/glob-parent": {
      "version": "5.1.2",
      "resolved": "https://nexus.forchange.cn/repository/npm-group/glob-parent/-/glob-parent-5.1.2.tgz",
      "integrity": "sha1-hpgyxYA0/mikCTwX3BXoNA2EAcQ=",
      "license": "ISC",
      "dependencies": {
        "is-glob": "^4.0.1"
      },
      "engines": {
        "node": ">= 6"
      }
    },
    "node_modules/has-flag": {
      "version": "4.0.0",
      "resolved": "https://nexus.forchange.cn/repository/npm-group/has-flag/-/has-flag-4.0.0.tgz",
      "integrity": "sha1-lEdx/ZyByBJlxNaUGGDaBrtZR5s=",
      "license": "MIT",
      "engines": {
        "node": ">=8"
      }
    },
    "node_modules/header-case": {
      "version": "2.0.4",
      "resolved": "https://nexus.forchange.cn/repository/npm-group/header-case/-/header-case-2.0.4.tgz",
      "integrity": "sha1-WkLmO1UXc0nPQFvrjXdayruSwGM=",
      "license": "MIT",
      "dependencies": {
        "capital-case": "^1.0.4",
        "tslib": "^2.0.3"
      }
    },
    "node_modules/is-extglob": {
      "version": "2.1.1",
      "resolved": "https://nexus.forchange.cn/repository/npm-group/is-extglob/-/is-extglob-2.1.1.tgz",
      "integrity": "sha1-qIwCU1eR8C7TfHahueqXc8gz+MI=",
      "license": "MIT",
      "engines": {
        "node": ">=0.10.0"
      }
    },
    "node_modules/is-glob": {
      "version": "4.0.1",
      "resolved": "https://nexus.forchange.cn/repository/npm-group/is-glob/-/is-glob-4.0.1.tgz",
      "integrity": "sha1-dWfb6fL14kZ7x3q4PEopSCQHpdw=",
      "license": "MIT",
      "dependencies": {
        "is-extglob": "^2.1.1"
      },
      "engines": {
        "node": ">=0.10.0"
      }
    },
    "node_modules/is-number": {
      "version": "7.0.0",
      "resolved": "https://nexus.forchange.cn/repository/npm-group/is-number/-/is-number-7.0.0.tgz",
      "integrity": "sha1-dTU0W4lnNNX4DE0GxQlVUnoU8Ss=",
      "license": "MIT",
      "engines": {
        "node": ">=0.12.0"
      }
    },
    "node_modules/json-schema-traverse": {
      "version": "1.0.0",
      "resolved": "https://nexus.forchange.cn/repository/npm-group/json-schema-traverse/-/json-schema-traverse-1.0.0.tgz",
      "integrity": "sha1-rnvLNlard6c7pcSb9lTzjmtoYOI=",
      "license": "MIT"
    },
    "node_modules/lower-case": {
      "version": "2.0.2",
      "resolved": "https://nexus.forchange.cn/repository/npm-group/lower-case/-/lower-case-2.0.2.tgz",
      "integrity": "sha1-b6I3xj29xKgsoP2ILkci3F5jTig=",
      "license": "MIT",
      "dependencies": {
        "tslib": "^2.0.3"
      }
    },
    "node_modules/lru-cache": {
      "version": "6.0.0",
      "resolved": "https://nexus.forchange.cn/repository/npm-group/lru-cache/-/lru-cache-6.0.0.tgz",
      "integrity": "sha1-bW/mVw69lqr5D8rR2vo7JWbbOpQ=",
      "license": "ISC",
      "dependencies": {
        "yallist": "^4.0.0"
      },
      "engines": {
        "node": ">=10"
      }
    },
    "node_modules/marked": {
      "version": "3.0.4",
      "resolved": "https://nexus.forchange.cn/repository/npm-group/marked/-/marked-3.0.4.tgz",
      "integrity": "sha1-uKFTnl4Fxuqek/FcC60dVM6JBAY=",
      "license": "MIT",
      "bin": {
        "marked": "bin/marked"
      },
      "engines": {
        "node": ">= 12"
      }
    },
    "node_modules/mdurl": {
      "version": "1.0.1",
      "resolved": "https://nexus.forchange.cn/repository/npm-group/mdurl/-/mdurl-1.0.1.tgz",
      "integrity": "sha1-/oWy7HWlkDfyrf7BAP1sYBdhFS4=",
      "license": "MIT"
    },
    "node_modules/merge2": {
      "version": "1.4.1",
      "resolved": "https://nexus.forchange.cn/repository/npm-group/merge2/-/merge2-1.4.1.tgz",
      "integrity": "sha1-Q2iJL4hekHRVpv19xVwMnUBJkK4=",
      "license": "MIT",
      "engines": {
        "node": ">= 8"
      }
    },
    "node_modules/micromatch": {
      "version": "4.0.4",
      "resolved": "https://nexus.forchange.cn/repository/npm-group/micromatch/-/micromatch-4.0.4.tgz",
      "integrity": "sha1-iW1Rnf6dsl/OlM63pQCRm/iB6/k=",
      "license": "MIT",
      "dependencies": {
        "braces": "^3.0.1",
        "picomatch": "^2.2.3"
      },
      "engines": {
        "node": ">=8.6"
      }
    },
    "node_modules/minimist": {
      "version": "1.2.5",
      "resolved": "https://nexus.forchange.cn/repository/npm-group/minimist/-/minimist-1.2.5.tgz",
      "integrity": "sha1-Z9ZgFLZqaoqqDAg8X9WN9OTpdgI=",
      "license": "MIT"
    },
    "node_modules/moo": {
      "version": "0.5.1",
      "resolved": "https://nexus.forchange.cn/repository/npm-group/moo/-/moo-0.5.1.tgz",
      "integrity": "sha1-eq5/OEubCfYgtqv29067zRtl28Q=",
      "license": "BSD-3-Clause"
    },
    "node_modules/nanoid": {
      "version": "3.1.25",
      "resolved": "https://nexus.forchange.cn/repository/npm-group/nanoid/-/nanoid-3.1.25.tgz",
      "integrity": "sha1-CcoydHwOVD8OGBS303k0d/nI4VI=",
      "license": "MIT",
      "bin": {
        "nanoid": "bin/nanoid.cjs"
      },
      "engines": {
        "node": "^10 || ^12 || ^13.7 || ^14 || >=15.0.1"
      }
    },
    "node_modules/nearley": {
      "version": "2.20.1",
      "resolved": "https://nexus.forchange.cn/repository/npm-group/nearley/-/nearley-2.20.1.tgz",
      "integrity": "sha1-JGzTPv8NAS+vGX/2d016x4rN1HQ=",
      "license": "MIT",
      "dependencies": {
        "commander": "^2.19.0",
        "moo": "^0.5.0",
        "railroad-diagrams": "^1.0.0",
        "randexp": "0.4.6"
      },
      "bin": {
        "nearley-railroad": "bin/nearley-railroad.js",
        "nearley-test": "bin/nearley-test.js",
        "nearley-unparse": "bin/nearley-unparse.js",
        "nearleyc": "bin/nearleyc.js"
      },
      "funding": {
        "type": "individual",
        "url": "https://nearley.js.org/#give-to-nearley"
      }
    },
    "node_modules/no-case": {
      "version": "3.0.4",
      "resolved": "https://nexus.forchange.cn/repository/npm-group/no-case/-/no-case-3.0.4.tgz",
      "integrity": "sha1-02H9XJgA9VhVGoNp/A3NRmK2Ek0=",
      "license": "MIT",
      "dependencies": {
        "lower-case": "^2.0.2",
        "tslib": "^2.0.3"
      }
    },
    "node_modules/param-case": {
      "version": "3.0.4",
      "resolved": "https://nexus.forchange.cn/repository/npm-group/param-case/-/param-case-3.0.4.tgz",
      "integrity": "sha1-fRf+SqEr3jTUp32RrPtiGcqtAcU=",
      "license": "MIT",
      "dependencies": {
        "dot-case": "^3.0.4",
        "tslib": "^2.0.3"
      }
    },
    "node_modules/pascal-case": {
      "version": "3.1.2",
      "resolved": "https://nexus.forchange.cn/repository/npm-group/pascal-case/-/pascal-case-3.1.2.tgz",
      "integrity": "sha1-tI4O8rmOIF58Ha50fQsVCCN2YOs=",
      "license": "MIT",
      "dependencies": {
        "no-case": "^3.0.4",
        "tslib": "^2.0.3"
      }
    },
    "node_modules/path-case": {
      "version": "3.0.4",
      "resolved": "https://nexus.forchange.cn/repository/npm-group/path-case/-/path-case-3.0.4.tgz",
      "integrity": "sha1-kWhkUzTrlCZYN1xW+AtMDLX4LG8=",
      "license": "MIT",
      "dependencies": {
        "dot-case": "^3.0.4",
        "tslib": "^2.0.3"
      }
    },
    "node_modules/picomatch": {
      "version": "2.3.0",
      "resolved": "https://nexus.forchange.cn/repository/npm-group/picomatch/-/picomatch-2.3.0.tgz",
      "integrity": "sha1-8fBh3o9qS/AiiS4tEoI0+5gwKXI=",
      "license": "MIT",
      "engines": {
        "node": ">=8.6"
      },
      "funding": {
        "url": "https://github.com/sponsors/jonschlinkert"
      }
    },
    "node_modules/prettier": {
      "version": "2.4.1",
      "resolved": "https://nexus.forchange.cn/repository/npm-group/prettier/-/prettier-2.4.1.tgz",
      "integrity": "sha1-Zx4RyJwUpM/Ids5WQQbEpnJsn1w=",
      "dev": true,
      "license": "MIT",
      "bin": {
        "prettier": "bin-prettier.js"
      },
      "engines": {
        "node": ">=10.13.0"
      }
    },
    "node_modules/punycode": {
      "version": "2.1.1",
      "resolved": "https://nexus.forchange.cn/repository/npm-group/punycode/-/punycode-2.1.1.tgz",
      "integrity": "sha1-tYsBCsQMIsVldhbI0sLALHv0eew=",
      "license": "MIT",
      "engines": {
        "node": ">=6"
      }
    },
    "node_modules/queue-microtask": {
      "version": "1.2.3",
      "resolved": "https://nexus.forchange.cn/repository/npm-group/queue-microtask/-/queue-microtask-1.2.3.tgz",
      "integrity": "sha1-SSkii7xyTfrEPg77BYyve2z7YkM=",
      "funding": [
        {
          "type": "github",
          "url": "https://github.com/sponsors/feross"
        },
        {
          "type": "patreon",
          "url": "https://www.patreon.com/feross"
        },
        {
          "type": "consulting",
          "url": "https://feross.org/support"
        }
      ],
      "license": "MIT"
    },
    "node_modules/railroad-diagrams": {
      "version": "1.0.0",
      "resolved": "https://nexus.forchange.cn/repository/npm-group/railroad-diagrams/-/railroad-diagrams-1.0.0.tgz",
      "integrity": "sha1-635iZ1SN3t+4mcG5Dlc3RVnN234=",
      "license": "CC0-1.0"
    },
    "node_modules/randexp": {
      "version": "0.4.6",
      "resolved": "https://nexus.forchange.cn/repository/npm-group/randexp/-/randexp-0.4.6.tgz",
      "integrity": "sha1-6YatXl4x2uE93W97MBmqfIf2DKM=",
      "license": "MIT",
      "dependencies": {
        "discontinuous-range": "1.0.0",
        "ret": "~0.1.10"
      },
      "engines": {
        "node": ">=0.12"
      }
    },
    "node_modules/require-from-string": {
      "version": "2.0.2",
      "resolved": "https://nexus.forchange.cn/repository/npm-group/require-from-string/-/require-from-string-2.0.2.tgz",
      "integrity": "sha1-iaf92TgmEmcxjq/hT5wy5ZjDaQk=",
      "license": "MIT",
      "engines": {
        "node": ">=0.10.0"
      }
    },
    "node_modules/ret": {
      "version": "0.1.15",
      "resolved": "https://nexus.forchange.cn/repository/npm-group/ret/-/ret-0.1.15.tgz",
      "integrity": "sha1-uKSCXVvbH8P29Twrwz+BOIaBx7w=",
      "license": "MIT",
      "engines": {
        "node": ">=0.12"
      }
    },
    "node_modules/reusify": {
      "version": "1.0.4",
      "resolved": "https://nexus.forchange.cn/repository/npm-group/reusify/-/reusify-1.0.4.tgz",
      "integrity": "sha1-kNo4Kx4SbvwCFG6QhFqI2xKSXXY=",
      "license": "MIT",
      "engines": {
        "iojs": ">=1.0.0",
        "node": ">=0.10.0"
      }
    },
    "node_modules/run-parallel": {
      "version": "1.2.0",
      "resolved": "https://nexus.forchange.cn/repository/npm-group/run-parallel/-/run-parallel-1.2.0.tgz",
      "integrity": "sha1-ZtE2jae9+SHrnZW9GpIp5/IaQ+4=",
      "funding": [
        {
          "type": "github",
          "url": "https://github.com/sponsors/feross"
        },
        {
          "type": "patreon",
          "url": "https://www.patreon.com/feross"
        },
        {
          "type": "consulting",
          "url": "https://feross.org/support"
        }
      ],
      "license": "MIT",
      "dependencies": {
        "queue-microtask": "^1.2.2"
      }
    },
    "node_modules/schemes": {
      "version": "1.4.0",
      "resolved": "https://nexus.forchange.cn/repository/npm-group/schemes/-/schemes-1.4.0.tgz",
      "integrity": "sha1-nQMwInXlYkiN06+ntlTtQuAFaew=",
      "license": "MIT",
      "dependencies": {
        "extend": "^3.0.0"
      }
    },
    "node_modules/semver": {
      "version": "7.3.5",
      "resolved": "https://nexus.forchange.cn/repository/npm-group/semver/-/semver-7.3.5.tgz",
      "integrity": "sha1-C2Ich5NI2JmOSw5L6Us/EuYBjvc=",
      "license": "ISC",
      "dependencies": {
        "lru-cache": "^6.0.0"
      },
      "bin": {
        "semver": "bin/semver.js"
      },
      "engines": {
        "node": ">=10"
      }
    },
    "node_modules/sentence-case": {
      "version": "3.0.4",
      "resolved": "https://nexus.forchange.cn/repository/npm-group/sentence-case/-/sentence-case-3.0.4.tgz",
      "integrity": "sha1-NkWnuMEXx4f96HAgViJbtipFEx8=",
      "license": "MIT",
      "dependencies": {
        "no-case": "^3.0.4",
        "tslib": "^2.0.3",
        "upper-case-first": "^2.0.2"
      }
    },
    "node_modules/smtp-address-parser": {
      "version": "1.0.6",
      "resolved": "https://nexus.forchange.cn/repository/npm-group/smtp-address-parser/-/smtp-address-parser-1.0.6.tgz",
      "integrity": "sha1-URVfGDZ3cQUTlT9UjL7toW22SK0=",
      "license": "MIT",
      "dependencies": {
        "nearley": "^2.20.1"
      },
      "engines": {
        "node": ">=0.10"
      }
    },
    "node_modules/snake-case": {
      "version": "3.0.4",
      "resolved": "https://nexus.forchange.cn/repository/npm-group/snake-case/-/snake-case-3.0.4.tgz",
      "integrity": "sha1-Tyu9Vo6ZNavf1ZPzTGkdrbScRSw=",
      "license": "MIT",
      "dependencies": {
        "dot-case": "^3.0.4",
        "tslib": "^2.0.3"
      }
    },
    "node_modules/string.prototype.repeat": {
      "version": "0.2.0",
      "resolved": "https://nexus.forchange.cn/repository/npm-group/string.prototype.repeat/-/string.prototype.repeat-0.2.0.tgz",
      "integrity": "sha1-q6Nt4I3O5qWjN9SbLqHaGyj8Ds8="
    },
    "node_modules/supports-color": {
      "version": "7.2.0",
      "resolved": "https://nexus.forchange.cn/repository/npm-group/supports-color/-/supports-color-7.2.0.tgz",
      "integrity": "sha1-G33NyzK4E4gBs+R4umpRyqiWSNo=",
      "license": "MIT",
      "dependencies": {
        "has-flag": "^4.0.0"
      },
      "engines": {
        "node": ">=8"
      }
    },
    "node_modules/to-regex-range": {
      "version": "5.0.1",
      "resolved": "https://nexus.forchange.cn/repository/npm-group/to-regex-range/-/to-regex-range-5.0.1.tgz",
      "integrity": "sha1-FkjESq58jZiKMmAY7XL1tN0DkuQ=",
      "license": "MIT",
      "dependencies": {
        "is-number": "^7.0.0"
      },
      "engines": {
        "node": ">=8.0"
      }
    },
    "node_modules/tslib": {
      "version": "2.3.1",
      "resolved": "https://nexus.forchange.cn/repository/npm-group/tslib/-/tslib-2.3.1.tgz",
      "integrity": "sha1-6KM1rdXOrlGqJh0ypJAVjvBC7wE=",
      "license": "0BSD"
    },
    "node_modules/typescript": {
      "version": "4.4.3",
      "resolved": "https://nexus.forchange.cn/repository/npm-group/typescript/-/typescript-4.4.3.tgz",
      "integrity": "sha1-vcVAfKorEJ79T4L+EwZW+XeikyQ=",
      "dev": true,
      "license": "Apache-2.0",
      "bin": {
        "tsc": "bin/tsc",
        "tsserver": "bin/tsserver"
      },
      "engines": {
        "node": ">=4.2.0"
      }
    },
    "node_modules/upper-case": {
      "version": "2.0.2",
      "resolved": "https://nexus.forchange.cn/repository/npm-group/upper-case/-/upper-case-2.0.2.tgz",
      "integrity": "sha1-2JgQgj+qsd8VSbfZenb4Ziuub3o=",
      "license": "MIT",
      "dependencies": {
        "tslib": "^2.0.3"
      }
    },
    "node_modules/upper-case-first": {
      "version": "2.0.2",
      "resolved": "https://nexus.forchange.cn/repository/npm-group/upper-case-first/-/upper-case-first-2.0.2.tgz",
      "integrity": "sha1-mSwyc/iCq9GdHgKJTMFHEX+EQyQ=",
      "license": "MIT",
      "dependencies": {
        "tslib": "^2.0.3"
      }
    },
    "node_modules/uri-js": {
      "version": "4.4.1",
      "resolved": "https://nexus.forchange.cn/repository/npm-group/uri-js/-/uri-js-4.4.1.tgz",
      "integrity": "sha1-mxpSWVIlhZ5V9mnZKPiMbFfyp34=",
      "license": "BSD-2-Clause",
      "dependencies": {
        "punycode": "^2.1.0"
      }
    },
    "node_modules/yallist": {
      "version": "4.0.0",
      "resolved": "https://nexus.forchange.cn/repository/npm-group/yallist/-/yallist-4.0.0.tgz",
      "integrity": "sha1-m7knkNnA7/7GO+c1GeEaNQGaOnI=",
      "license": "ISC"
    }
  },
  "dependencies": {
    "@nodelib/fs.scandir": {
      "version": "2.1.5",
      "resolved": "https://nexus.forchange.cn/repository/npm-group/@nodelib/fs.scandir/-/fs.scandir-2.1.5.tgz",
      "integrity": "sha1-dhnC6yGyVIP20WdUi0z9WnSIw9U=",
      "requires": {
        "@nodelib/fs.stat": "2.0.5",
        "run-parallel": "^1.1.9"
      }
    },
    "@nodelib/fs.stat": {
      "version": "2.0.5",
      "resolved": "https://nexus.forchange.cn/repository/npm-group/@nodelib/fs.stat/-/fs.stat-2.0.5.tgz",
      "integrity": "sha1-W9Jir5Tp0lvR5xsF3u1Eh2oiLos="
    },
    "@nodelib/fs.walk": {
      "version": "1.2.8",
      "resolved": "https://nexus.forchange.cn/repository/npm-group/@nodelib/fs.walk/-/fs.walk-1.2.8.tgz",
      "integrity": "sha1-6Vc36LtnRt3t9pxVaVNJTxlv5po=",
      "requires": {
        "@nodelib/fs.scandir": "2.1.5",
        "fastq": "^1.6.0"
      }
    },
    "@types/assert": {
      "version": "1.5.6",
      "resolved": "https://nexus.forchange.cn/repository/npm-group/@types/assert/-/assert-1.5.6.tgz",
      "integrity": "sha1-qLWpTOX7j0umX9w3/JUHYJEUGJ4=",
      "dev": true
    },
    "@types/commonmark": {
      "version": "0.27.5",
      "resolved": "https://nexus.forchange.cn/repository/npm-group/@types/commonmark/-/commonmark-0.27.5.tgz",
      "integrity": "sha1-AI8uj7hFyQYUaql1ENZpU9kWrtI=",
      "dev": true
    },
    "@types/deep-diff": {
      "version": "1.0.1",
      "resolved": "https://nexus.forchange.cn/repository/npm-group/@types/deep-diff/-/deep-diff-1.0.1.tgz",
      "integrity": "sha1-6uFRGcaLcrVBcxhyoog9qJ3Dk5Y=",
      "dev": true
    },
    "@types/marked": {
      "version": "3.0.1",
      "resolved": "https://nexus.forchange.cn/repository/npm-group/@types/marked/-/marked-3.0.1.tgz",
      "integrity": "sha1-dIZF7N4w2M94YcPhw2DG9pQXL5I=",
      "dev": true
    },
    "@types/node": {
      "version": "16.9.6",
      "resolved": "https://nexus.forchange.cn/repository/npm-group/@types/node/-/node-16.9.6.tgz",
      "integrity": "sha1-BApk1/r55dnpQDVxJfCWMBLmbwQ=",
      "dev": true
    },
    "@xieyuheng/test-runner": {
      "version": "0.1.23",
      "resolved": "https://registry.npmjs.org/@xieyuheng/test-runner/-/test-runner-0.1.23.tgz",
      "integrity": "sha512-p+woste8Tc193j/zAV0yfSKwLAUXysiCWzcV7OCIE3jvYKcldPXZ+OeFXmvg5EFZLBCfQonsIPKJE/UN5zvVPA==",
      "requires": {
        "chalk": "^4.1.1",
        "fast-glob": "^3.2.6"
      }
    },
    "@xieyuheng/ty": {
      "version": "0.1.5",
      "resolved": "https://registry.npmjs.org/@xieyuheng/ty/-/ty-0.1.5.tgz",
      "integrity": "sha512-wlQ20kDFIfZxNWnsLgktjezuCWKO42TzSvK0aBMN86NGLTTdkxqm8anb6SudPkTa/hvyoycA9MTcEaw2YT/vYA==",
      "requires": {
        "@xieyuheng/test-runner": "^0.1.23",
        "ajv": "^8.6.3",
        "ajv-formats": "^2.1.1",
        "ajv-formats-draft2019": "^1.6.1",
        "chalk": "^4.1.2",
        "change-case": "^4.1.2",
        "deep-diff": "^1.0.2",
        "fast-deep-equal": "^3.1.3",
        "nanoid": "^3.1.25",
        "semver": "^7.3.5"
      }
    },
    "ajv": {
      "version": "8.6.3",
      "resolved": "https://nexus.forchange.cn/repository/npm-group/ajv/-/ajv-8.6.3.tgz",
      "integrity": "sha1-EaZlJ3Ydw+mjhF6nddLTwEFOh2Q=",
      "requires": {
        "fast-deep-equal": "^3.1.1",
        "json-schema-traverse": "^1.0.0",
        "require-from-string": "^2.0.2",
        "uri-js": "^4.2.2"
      }
    },
    "ajv-formats": {
      "version": "2.1.1",
      "resolved": "https://nexus.forchange.cn/repository/npm-group/ajv-formats/-/ajv-formats-2.1.1.tgz",
      "integrity": "sha1-bmaUAGWet0lzu/LjMycYCgmWtSA=",
      "requires": {
        "ajv": "^8.0.0"
      }
    },
    "ajv-formats-draft2019": {
      "version": "1.6.1",
      "resolved": "https://nexus.forchange.cn/repository/npm-group/ajv-formats-draft2019/-/ajv-formats-draft2019-1.6.1.tgz",
      "integrity": "sha1-av/iIg54KDYHk3dvGXbeBCCszPs=",
      "requires": {
        "punycode": "^2.1.1",
        "schemes": "^1.4.0",
        "smtp-address-parser": "^1.0.3",
        "uri-js": "^4.4.1"
      }
    },
    "ansi-styles": {
      "version": "4.3.0",
      "resolved": "https://nexus.forchange.cn/repository/npm-group/ansi-styles/-/ansi-styles-4.3.0.tgz",
      "integrity": "sha1-7dgDYornHATIWuegkG7a00tkiTc=",
      "requires": {
        "color-convert": "^2.0.1"
      }
    },
    "braces": {
      "version": "3.0.2",
      "resolved": "https://nexus.forchange.cn/repository/npm-group/braces/-/braces-3.0.2.tgz",
      "integrity": "sha1-NFThpGLujVmeI23zNs2epPiv4Qc=",
      "requires": {
        "fill-range": "^7.0.1"
      }
    },
    "camel-case": {
      "version": "4.1.2",
      "resolved": "https://nexus.forchange.cn/repository/npm-group/camel-case/-/camel-case-4.1.2.tgz",
      "integrity": "sha1-lygHKpVPgFIoIlpt7qazhGHhvVo=",
      "requires": {
        "pascal-case": "^3.1.2",
        "tslib": "^2.0.3"
      }
    },
    "capital-case": {
      "version": "1.0.4",
      "resolved": "https://nexus.forchange.cn/repository/npm-group/capital-case/-/capital-case-1.0.4.tgz",
      "integrity": "sha1-nRMCkjU8kkn2sA+lhSvuOKcX5mk=",
      "requires": {
        "no-case": "^3.0.4",
        "tslib": "^2.0.3",
        "upper-case-first": "^2.0.2"
      }
    },
    "chalk": {
      "version": "4.1.2",
      "resolved": "https://nexus.forchange.cn/repository/npm-group/chalk/-/chalk-4.1.2.tgz",
      "integrity": "sha1-qsTit3NKdAhnrrFr8CqtVWoeegE=",
      "requires": {
        "ansi-styles": "^4.1.0",
        "supports-color": "^7.1.0"
      }
    },
    "change-case": {
      "version": "4.1.2",
      "resolved": "https://nexus.forchange.cn/repository/npm-group/change-case/-/change-case-4.1.2.tgz",
      "integrity": "sha1-/t/F8TYEXiOYwEEO5EH5VwRkHhI=",
      "requires": {
        "camel-case": "^4.1.2",
        "capital-case": "^1.0.4",
        "constant-case": "^3.0.4",
        "dot-case": "^3.0.4",
        "header-case": "^2.0.4",
        "no-case": "^3.0.4",
        "param-case": "^3.0.4",
        "pascal-case": "^3.1.2",
        "path-case": "^3.0.4",
        "sentence-case": "^3.0.4",
        "snake-case": "^3.0.4",
        "tslib": "^2.0.3"
      }
    },
    "color-convert": {
      "version": "2.0.1",
      "resolved": "https://nexus.forchange.cn/repository/npm-group/color-convert/-/color-convert-2.0.1.tgz",
      "integrity": "sha1-ctOmjVmMm9s68q0ehPIdiWq9TeM=",
      "requires": {
        "color-name": "~1.1.4"
      }
    },
    "color-name": {
      "version": "1.1.4",
      "resolved": "https://nexus.forchange.cn/repository/npm-group/color-name/-/color-name-1.1.4.tgz",
      "integrity": "sha1-wqCah6y95pVD3m9j+jmVyCbFNqI="
    },
    "commander": {
      "version": "2.20.3",
      "resolved": "https://nexus.forchange.cn/repository/npm-group/commander/-/commander-2.20.3.tgz",
      "integrity": "sha1-/UhehMA+tIgcIHIrpIA16FMa6zM="
    },
    "commonmark": {
      "version": "0.30.0",
      "resolved": "https://nexus.forchange.cn/repository/npm-group/commonmark/-/commonmark-0.30.0.tgz",
      "integrity": "sha1-OIEdx7vw9Z0neuCQVNTXOjMvLkU=",
      "requires": {
        "entities": "~2.0",
        "mdurl": "~1.0.1",
        "minimist": ">=1.2.2",
        "string.prototype.repeat": "^0.2.0"
      }
    },
    "constant-case": {
      "version": "3.0.4",
      "resolved": "https://nexus.forchange.cn/repository/npm-group/constant-case/-/constant-case-3.0.4.tgz",
      "integrity": "sha1-O4Sprq9M8x7EXmv13pG9+wWJ+vE=",
      "requires": {
        "no-case": "^3.0.4",
        "tslib": "^2.0.3",
        "upper-case": "^2.0.2"
      }
    },
    "deep-diff": {
      "version": "1.0.2",
      "resolved": "https://nexus.forchange.cn/repository/npm-group/deep-diff/-/deep-diff-1.0.2.tgz",
      "integrity": "sha1-r9PR90kRW+ll6Jxj7cersVBrnCY="
    },
    "discontinuous-range": {
      "version": "1.0.0",
      "resolved": "https://nexus.forchange.cn/repository/npm-group/discontinuous-range/-/discontinuous-range-1.0.0.tgz",
      "integrity": "sha1-44Mx8IRLukm5qctxx3FYWqsbxlo="
    },
    "dot-case": {
      "version": "3.0.4",
      "resolved": "https://nexus.forchange.cn/repository/npm-group/dot-case/-/dot-case-3.0.4.tgz",
      "integrity": "sha1-mytnDQCkMWZ6inW6Kc0bmICc51E=",
      "requires": {
        "no-case": "^3.0.4",
        "tslib": "^2.0.3"
      }
    },
    "entities": {
      "version": "2.0.3",
      "resolved": "https://nexus.forchange.cn/repository/npm-group/entities/-/entities-2.0.3.tgz",
      "integrity": "sha1-XEh+V0Krk8Fau12iJ1m4WQ7AO38="
    },
    "extend": {
      "version": "3.0.2",
      "resolved": "https://nexus.forchange.cn/repository/npm-group/extend/-/extend-3.0.2.tgz",
      "integrity": "sha1-+LETa0Bx+9jrFAr/hYsQGewpFfo="
    },
    "fast-deep-equal": {
      "version": "3.1.3",
      "resolved": "https://nexus.forchange.cn/repository/npm-group/fast-deep-equal/-/fast-deep-equal-3.1.3.tgz",
      "integrity": "sha1-On1WtVnWy8PrUSMlJE5hmmXGxSU="
    },
    "fast-glob": {
      "version": "3.2.7",
      "resolved": "https://nexus.forchange.cn/repository/npm-group/fast-glob/-/fast-glob-3.2.7.tgz",
      "integrity": "sha1-/Wy3otfpqnp4RhEehaGW1rL3ZqE=",
      "requires": {
        "@nodelib/fs.stat": "^2.0.2",
        "@nodelib/fs.walk": "^1.2.3",
        "glob-parent": "^5.1.2",
        "merge2": "^1.3.0",
        "micromatch": "^4.0.4"
      }
    },
    "fastq": {
      "version": "1.12.0",
      "resolved": "https://nexus.forchange.cn/repository/npm-group/fastq/-/fastq-1.12.0.tgz",
      "integrity": "sha1-7XtqtdYjk/ssxZHIU2UqXDGL95Q=",
      "requires": {
        "reusify": "^1.0.4"
      }
    },
    "fill-range": {
      "version": "7.0.1",
      "resolved": "https://nexus.forchange.cn/repository/npm-group/fill-range/-/fill-range-7.0.1.tgz",
      "integrity": "sha1-GRmmp8df44ssfHflGYU12prN2kA=",
      "requires": {
        "to-regex-range": "^5.0.1"
      }
    },
    "glob-parent": {
      "version": "5.1.2",
      "resolved": "https://nexus.forchange.cn/repository/npm-group/glob-parent/-/glob-parent-5.1.2.tgz",
      "integrity": "sha1-hpgyxYA0/mikCTwX3BXoNA2EAcQ=",
      "requires": {
        "is-glob": "^4.0.1"
      }
    },
    "has-flag": {
      "version": "4.0.0",
      "resolved": "https://nexus.forchange.cn/repository/npm-group/has-flag/-/has-flag-4.0.0.tgz",
      "integrity": "sha1-lEdx/ZyByBJlxNaUGGDaBrtZR5s="
    },
    "header-case": {
      "version": "2.0.4",
      "resolved": "https://nexus.forchange.cn/repository/npm-group/header-case/-/header-case-2.0.4.tgz",
      "integrity": "sha1-WkLmO1UXc0nPQFvrjXdayruSwGM=",
      "requires": {
        "capital-case": "^1.0.4",
        "tslib": "^2.0.3"
      }
    },
    "is-extglob": {
      "version": "2.1.1",
      "resolved": "https://nexus.forchange.cn/repository/npm-group/is-extglob/-/is-extglob-2.1.1.tgz",
      "integrity": "sha1-qIwCU1eR8C7TfHahueqXc8gz+MI="
    },
    "is-glob": {
      "version": "4.0.1",
      "resolved": "https://nexus.forchange.cn/repository/npm-group/is-glob/-/is-glob-4.0.1.tgz",
      "integrity": "sha1-dWfb6fL14kZ7x3q4PEopSCQHpdw=",
      "requires": {
        "is-extglob": "^2.1.1"
      }
    },
    "is-number": {
      "version": "7.0.0",
      "resolved": "https://nexus.forchange.cn/repository/npm-group/is-number/-/is-number-7.0.0.tgz",
      "integrity": "sha1-dTU0W4lnNNX4DE0GxQlVUnoU8Ss="
    },
    "json-schema-traverse": {
      "version": "1.0.0",
      "resolved": "https://nexus.forchange.cn/repository/npm-group/json-schema-traverse/-/json-schema-traverse-1.0.0.tgz",
      "integrity": "sha1-rnvLNlard6c7pcSb9lTzjmtoYOI="
    },
    "lower-case": {
      "version": "2.0.2",
      "resolved": "https://nexus.forchange.cn/repository/npm-group/lower-case/-/lower-case-2.0.2.tgz",
      "integrity": "sha1-b6I3xj29xKgsoP2ILkci3F5jTig=",
      "requires": {
        "tslib": "^2.0.3"
      }
    },
    "lru-cache": {
      "version": "6.0.0",
      "resolved": "https://nexus.forchange.cn/repository/npm-group/lru-cache/-/lru-cache-6.0.0.tgz",
      "integrity": "sha1-bW/mVw69lqr5D8rR2vo7JWbbOpQ=",
      "requires": {
        "yallist": "^4.0.0"
      }
    },
    "marked": {
      "version": "3.0.4",
      "resolved": "https://nexus.forchange.cn/repository/npm-group/marked/-/marked-3.0.4.tgz",
      "integrity": "sha1-uKFTnl4Fxuqek/FcC60dVM6JBAY="
    },
    "mdurl": {
      "version": "1.0.1",
      "resolved": "https://nexus.forchange.cn/repository/npm-group/mdurl/-/mdurl-1.0.1.tgz",
      "integrity": "sha1-/oWy7HWlkDfyrf7BAP1sYBdhFS4="
    },
    "merge2": {
      "version": "1.4.1",
      "resolved": "https://nexus.forchange.cn/repository/npm-group/merge2/-/merge2-1.4.1.tgz",
      "integrity": "sha1-Q2iJL4hekHRVpv19xVwMnUBJkK4="
    },
    "micromatch": {
      "version": "4.0.4",
      "resolved": "https://nexus.forchange.cn/repository/npm-group/micromatch/-/micromatch-4.0.4.tgz",
      "integrity": "sha1-iW1Rnf6dsl/OlM63pQCRm/iB6/k=",
      "requires": {
        "braces": "^3.0.1",
        "picomatch": "^2.2.3"
      }
    },
    "minimist": {
      "version": "1.2.5",
      "resolved": "https://nexus.forchange.cn/repository/npm-group/minimist/-/minimist-1.2.5.tgz",
      "integrity": "sha1-Z9ZgFLZqaoqqDAg8X9WN9OTpdgI="
    },
    "moo": {
      "version": "0.5.1",
      "resolved": "https://nexus.forchange.cn/repository/npm-group/moo/-/moo-0.5.1.tgz",
      "integrity": "sha1-eq5/OEubCfYgtqv29067zRtl28Q="
    },
    "nanoid": {
      "version": "3.1.25",
      "resolved": "https://nexus.forchange.cn/repository/npm-group/nanoid/-/nanoid-3.1.25.tgz",
      "integrity": "sha1-CcoydHwOVD8OGBS303k0d/nI4VI="
    },
    "nearley": {
      "version": "2.20.1",
      "resolved": "https://nexus.forchange.cn/repository/npm-group/nearley/-/nearley-2.20.1.tgz",
      "integrity": "sha1-JGzTPv8NAS+vGX/2d016x4rN1HQ=",
      "requires": {
        "commander": "^2.19.0",
        "moo": "^0.5.0",
        "railroad-diagrams": "^1.0.0",
        "randexp": "0.4.6"
      }
    },
    "no-case": {
      "version": "3.0.4",
      "resolved": "https://nexus.forchange.cn/repository/npm-group/no-case/-/no-case-3.0.4.tgz",
      "integrity": "sha1-02H9XJgA9VhVGoNp/A3NRmK2Ek0=",
      "requires": {
        "lower-case": "^2.0.2",
        "tslib": "^2.0.3"
      }
    },
    "param-case": {
      "version": "3.0.4",
      "resolved": "https://nexus.forchange.cn/repository/npm-group/param-case/-/param-case-3.0.4.tgz",
      "integrity": "sha1-fRf+SqEr3jTUp32RrPtiGcqtAcU=",
      "requires": {
        "dot-case": "^3.0.4",
        "tslib": "^2.0.3"
      }
    },
    "pascal-case": {
      "version": "3.1.2",
      "resolved": "https://nexus.forchange.cn/repository/npm-group/pascal-case/-/pascal-case-3.1.2.tgz",
      "integrity": "sha1-tI4O8rmOIF58Ha50fQsVCCN2YOs=",
      "requires": {
        "no-case": "^3.0.4",
        "tslib": "^2.0.3"
      }
    },
    "path-case": {
      "version": "3.0.4",
      "resolved": "https://nexus.forchange.cn/repository/npm-group/path-case/-/path-case-3.0.4.tgz",
      "integrity": "sha1-kWhkUzTrlCZYN1xW+AtMDLX4LG8=",
      "requires": {
        "dot-case": "^3.0.4",
        "tslib": "^2.0.3"
      }
    },
    "picomatch": {
      "version": "2.3.0",
      "resolved": "https://nexus.forchange.cn/repository/npm-group/picomatch/-/picomatch-2.3.0.tgz",
      "integrity": "sha1-8fBh3o9qS/AiiS4tEoI0+5gwKXI="
    },
    "prettier": {
      "version": "2.4.1",
      "resolved": "https://nexus.forchange.cn/repository/npm-group/prettier/-/prettier-2.4.1.tgz",
      "integrity": "sha1-Zx4RyJwUpM/Ids5WQQbEpnJsn1w=",
      "dev": true
    },
    "punycode": {
      "version": "2.1.1",
      "resolved": "https://nexus.forchange.cn/repository/npm-group/punycode/-/punycode-2.1.1.tgz",
      "integrity": "sha1-tYsBCsQMIsVldhbI0sLALHv0eew="
    },
    "queue-microtask": {
      "version": "1.2.3",
      "resolved": "https://nexus.forchange.cn/repository/npm-group/queue-microtask/-/queue-microtask-1.2.3.tgz",
      "integrity": "sha1-SSkii7xyTfrEPg77BYyve2z7YkM="
    },
    "railroad-diagrams": {
      "version": "1.0.0",
      "resolved": "https://nexus.forchange.cn/repository/npm-group/railroad-diagrams/-/railroad-diagrams-1.0.0.tgz",
      "integrity": "sha1-635iZ1SN3t+4mcG5Dlc3RVnN234="
    },
    "randexp": {
      "version": "0.4.6",
      "resolved": "https://nexus.forchange.cn/repository/npm-group/randexp/-/randexp-0.4.6.tgz",
      "integrity": "sha1-6YatXl4x2uE93W97MBmqfIf2DKM=",
      "requires": {
        "discontinuous-range": "1.0.0",
        "ret": "~0.1.10"
      }
    },
    "require-from-string": {
      "version": "2.0.2",
      "resolved": "https://nexus.forchange.cn/repository/npm-group/require-from-string/-/require-from-string-2.0.2.tgz",
      "integrity": "sha1-iaf92TgmEmcxjq/hT5wy5ZjDaQk="
    },
    "ret": {
      "version": "0.1.15",
      "resolved": "https://nexus.forchange.cn/repository/npm-group/ret/-/ret-0.1.15.tgz",
      "integrity": "sha1-uKSCXVvbH8P29Twrwz+BOIaBx7w="
    },
    "reusify": {
      "version": "1.0.4",
      "resolved": "https://nexus.forchange.cn/repository/npm-group/reusify/-/reusify-1.0.4.tgz",
      "integrity": "sha1-kNo4Kx4SbvwCFG6QhFqI2xKSXXY="
    },
    "run-parallel": {
      "version": "1.2.0",
      "resolved": "https://nexus.forchange.cn/repository/npm-group/run-parallel/-/run-parallel-1.2.0.tgz",
      "integrity": "sha1-ZtE2jae9+SHrnZW9GpIp5/IaQ+4=",
      "requires": {
        "queue-microtask": "^1.2.2"
      }
    },
    "schemes": {
      "version": "1.4.0",
      "resolved": "https://nexus.forchange.cn/repository/npm-group/schemes/-/schemes-1.4.0.tgz",
      "integrity": "sha1-nQMwInXlYkiN06+ntlTtQuAFaew=",
      "requires": {
        "extend": "^3.0.0"
      }
    },
    "semver": {
      "version": "7.3.5",
      "resolved": "https://nexus.forchange.cn/repository/npm-group/semver/-/semver-7.3.5.tgz",
      "integrity": "sha1-C2Ich5NI2JmOSw5L6Us/EuYBjvc=",
      "requires": {
        "lru-cache": "^6.0.0"
      }
    },
    "sentence-case": {
      "version": "3.0.4",
      "resolved": "https://nexus.forchange.cn/repository/npm-group/sentence-case/-/sentence-case-3.0.4.tgz",
      "integrity": "sha1-NkWnuMEXx4f96HAgViJbtipFEx8=",
      "requires": {
        "no-case": "^3.0.4",
        "tslib": "^2.0.3",
        "upper-case-first": "^2.0.2"
      }
    },
    "smtp-address-parser": {
      "version": "1.0.6",
      "resolved": "https://nexus.forchange.cn/repository/npm-group/smtp-address-parser/-/smtp-address-parser-1.0.6.tgz",
      "integrity": "sha1-URVfGDZ3cQUTlT9UjL7toW22SK0=",
      "requires": {
        "nearley": "^2.20.1"
      }
    },
    "snake-case": {
      "version": "3.0.4",
      "resolved": "https://nexus.forchange.cn/repository/npm-group/snake-case/-/snake-case-3.0.4.tgz",
      "integrity": "sha1-Tyu9Vo6ZNavf1ZPzTGkdrbScRSw=",
      "requires": {
        "dot-case": "^3.0.4",
        "tslib": "^2.0.3"
      }
    },
    "string.prototype.repeat": {
      "version": "0.2.0",
      "resolved": "https://nexus.forchange.cn/repository/npm-group/string.prototype.repeat/-/string.prototype.repeat-0.2.0.tgz",
      "integrity": "sha1-q6Nt4I3O5qWjN9SbLqHaGyj8Ds8="
    },
    "supports-color": {
      "version": "7.2.0",
      "resolved": "https://nexus.forchange.cn/repository/npm-group/supports-color/-/supports-color-7.2.0.tgz",
      "integrity": "sha1-G33NyzK4E4gBs+R4umpRyqiWSNo=",
      "requires": {
        "has-flag": "^4.0.0"
      }
    },
    "to-regex-range": {
      "version": "5.0.1",
      "resolved": "https://nexus.forchange.cn/repository/npm-group/to-regex-range/-/to-regex-range-5.0.1.tgz",
      "integrity": "sha1-FkjESq58jZiKMmAY7XL1tN0DkuQ=",
      "requires": {
        "is-number": "^7.0.0"
      }
    },
    "tslib": {
      "version": "2.3.1",
      "resolved": "https://nexus.forchange.cn/repository/npm-group/tslib/-/tslib-2.3.1.tgz",
      "integrity": "sha1-6KM1rdXOrlGqJh0ypJAVjvBC7wE="
    },
    "typescript": {
      "version": "4.4.3",
      "resolved": "https://nexus.forchange.cn/repository/npm-group/typescript/-/typescript-4.4.3.tgz",
      "integrity": "sha1-vcVAfKorEJ79T4L+EwZW+XeikyQ=",
      "dev": true
    },
    "upper-case": {
      "version": "2.0.2",
      "resolved": "https://nexus.forchange.cn/repository/npm-group/upper-case/-/upper-case-2.0.2.tgz",
      "integrity": "sha1-2JgQgj+qsd8VSbfZenb4Ziuub3o=",
      "requires": {
        "tslib": "^2.0.3"
      }
    },
    "upper-case-first": {
      "version": "2.0.2",
      "resolved": "https://nexus.forchange.cn/repository/npm-group/upper-case-first/-/upper-case-first-2.0.2.tgz",
      "integrity": "sha1-mSwyc/iCq9GdHgKJTMFHEX+EQyQ=",
      "requires": {
        "tslib": "^2.0.3"
      }
    },
    "uri-js": {
      "version": "4.4.1",
      "resolved": "https://nexus.forchange.cn/repository/npm-group/uri-js/-/uri-js-4.4.1.tgz",
      "integrity": "sha1-mxpSWVIlhZ5V9mnZKPiMbFfyp34=",
      "requires": {
        "punycode": "^2.1.0"
      }
    },
    "yallist": {
      "version": "4.0.0",
      "resolved": "https://nexus.forchange.cn/repository/npm-group/yallist/-/yallist-4.0.0.tgz",
      "integrity": "sha1-m7knkNnA7/7GO+c1GeEaNQGaOnI="
    }
  }
}
